PODS:
  - Eureka (5.3.2)
  - Fuzzywuzzy_swift (0.0.2)

DEPENDENCIES:
  - Eureka
  - Fuzzywuzzy_swift (from `https://github.com/lxian/Fuzzywuzzy_swift.git`)

SPEC REPOS:
  trunk:
    - Eureka

EXTERNAL SOURCES:
  Fuzzywuzzy_swift:
    :git: https://github.com/lxian/Fuzzywuzzy_swift.git

CHECKOUT OPTIONS:
  Fuzzywuzzy_swift:
    :commit: cb371fb2a0d4b0ffb1d0c16f17933405195f122d
    :git: https://github.com/lxian/Fuzzywuzzy_swift.git

SPEC CHECKSUMS:
  Eureka: 1c2b8b5892bfb0e972d0fe05f8c09fd89f8625ec
  Fuzzywuzzy_swift: a2f9a77bb6d3f1d99dc6364eda541254124e393d

PODFILE CHECKSUM: 560f8f32c10fced12d24c033b420133349f0a659

COCOAPODS: 1.9.3
