PODS:
  - Fuzzywuzzy_swift (0.0.2)

DEPENDENCIES:
  - Fuzzywuzzy_swift (from `https://github.com/lxian/Fuzzywuzzy_swift.git`)

EXTERNAL SOURCES:
  Fuzzywuzzy_swift:
    :git: https://github.com/lxian/Fuzzywuzzy_swift.git

CHECKOUT OPTIONS:
  Fuzzywuzzy_swift:
    :commit: cb371fb2a0d4b0ffb1d0c16f17933405195f122d
    :git: https://github.com/lxian/Fuzzywuzzy_swift.git

SPEC CHECKSUMS:
  Fuzzywuzzy_swift: a2f9a77bb6d3f1d99dc6364eda541254124e393d

PODFILE CHECKSUM: d8759debe0e0cd2e81cf96793e9e1045a06fedac

COCOAPODS: 1.9.3
