// !$*UTF8*$!
{
	archiveVersion = 1;
	classes = {
	};
	objectVersion = 50;
	objects = {

/* Begin PBXBuildFile section */
		4B7A119E2571A59A00F22258 /* CompanySearchName.swift in Sources */ = {isa = PBXBuildFile; fileRef = 4B7A119D2571A59A00F22258 /* CompanySearchName.swift */; };
		4B7A11A12571AA5100F22258 /* CompanyTableViewCell.xib in Resources */ = {isa = PBXBuildFile; fileRef = 4B7A11A02571AA5100F22258 /* CompanyTableViewCell.xib */; };
		4B7A11A52571C37D00F22258 /* TrivialWordsRemover.swift in Sources */ = {isa = PBXBuildFile; fileRef = 4B7A11A42571C37D00F22258 /* TrivialWordsRemover.swift */; };
		4B7A11A92571C3DF00F22258 /* ShortWordsRemover.swift in Sources */ = {isa = PBXBuildFile; fileRef = 4B7A11A82571C3DF00F22258 /* ShortWordsRemover.swift */; };
		4B7A11AC2571C48200F22258 /* ReplaceBadCharsWithSpaces.swift in Sources */ = {isa = PBXBuildFile; fileRef = 4B7A11AB2571C48200F22258 /* ReplaceBadCharsWithSpaces.swift */; };
		4B7A11AF2571CCA400F22258 /* CameraSearchForCompany.swift in Sources */ = {isa = PBXBuildFile; fileRef = 4B7A11AE2571CCA400F22258 /* CameraSearchForCompany.swift */; };
		4B7A11C3257200A400F22258 /* Launch Screen.storyboard in Resources */ = {isa = PBXBuildFile; fileRef = 4B7A11C2257200A400F22258 /* Launch Screen.storyboard */; };
		4B7CF3F6256B800B001191A7 /* SearchCompanyViewController.swift in Sources */ = {isa = PBXBuildFile; fileRef = 4B7CF3F5256B800B001191A7 /* SearchCompanyViewController.swift */; };
		4B7CF3FA256B82C7001191A7 /* SearchModelViewController.swift in Sources */ = {isa = PBXBuildFile; fileRef = 4B7CF3F9256B82C7001191A7 /* SearchModelViewController.swift */; };
		4B7CF3FD256B84FB001191A7 /* CompanyTableViewCell.swift in Sources */ = {isa = PBXBuildFile; fileRef = 4B7CF3FC256B84FB001191A7 /* CompanyTableViewCell.swift */; };
		4B7CF400256B8A2A001191A7 /* MaskTableViewCell.swift in Sources */ = {isa = PBXBuildFile; fileRef = 4B7CF3FF256B8A2A001191A7 /* MaskTableViewCell.swift */; };
		4B7CF408256B9ECA001191A7 /* MaskDetailViewController.swift in Sources */ = {isa = PBXBuildFile; fileRef = 4B7CF407256B9ECA001191A7 /* MaskDetailViewController.swift */; };
		4B7CF40B256BA09F001191A7 /* Button.swift in Sources */ = {isa = PBXBuildFile; fileRef = 4B7CF40A256BA09F001191A7 /* Button.swift */; };
		4B7CF40E256BA50D001191A7 /* Colors.swift in Sources */ = {isa = PBXBuildFile; fileRef = 4B7CF40D256BA50D001191A7 /* Colors.swift */; };
		4B7EAB232570A09F00C69D05 /* ObservedTexts.swift in Sources */ = {isa = PBXBuildFile; fileRef = 4B7EAB222570A09F00C69D05 /* ObservedTexts.swift */; };
		4B7EAB262570A0BC00C69D05 /* Candidates.swift in Sources */ = {isa = PBXBuildFile; fileRef = 4B7EAB252570A0BC00C69D05 /* Candidates.swift */; };
		4B7EAB322570A46600C69D05 /* LoadMasks.swift in Sources */ = {isa = PBXBuildFile; fileRef = 4B7EAB312570A46600C69D05 /* LoadMasks.swift */; };
		4BB17414256D9603005EAC86 /* MaskNotFoundHeaderView.swift in Sources */ = {isa = PBXBuildFile; fileRef = 4BB17413256D9603005EAC86 /* MaskNotFoundHeaderView.swift */; };
		4BB1741B256D979D005EAC86 /* MaskNotFoundHeaderView.xib in Resources */ = {isa = PBXBuildFile; fileRef = 4BB1741A256D979D005EAC86 /* MaskNotFoundHeaderView.xib */; };
		4BB1741E256D9F76005EAC86 /* MaskNotFoundViewController.swift in Sources */ = {isa = PBXBuildFile; fileRef = 4BB1741D256D9F76005EAC86 /* MaskNotFoundViewController.swift */; };
		4BB17421256DD922005EAC86 /* CameraViewController.swift in Sources */ = {isa = PBXBuildFile; fileRef = 4BB17420256DD922005EAC86 /* CameraViewController.swift */; };
		4BB17424256DDD4A005EAC86 /* TabBarController.swift in Sources */ = {isa = PBXBuildFile; fileRef = 4BB17423256DDD4A005EAC86 /* TabBarController.swift */; };
		4BB6FEFC256F6CA500A72429 /* AboutViewController.swift in Sources */ = {isa = PBXBuildFile; fileRef = 4BB6FEFB256F6CA500A72429 /* AboutViewController.swift */; };
		4BB6FEFF256F7F9600A72429 /* Company.swift in Sources */ = {isa = PBXBuildFile; fileRef = 4BB6FEFE256F7F9600A72429 /* Company.swift */; };
		4BB6FF04256F7FB900A72429 /* ModelSearchName.swift in Sources */ = {isa = PBXBuildFile; fileRef = 4BB6FF03256F7FB900A72429 /* ModelSearchName.swift */; };
		4BC6B8AD256885830075D1AD /* AppDelegate.swift in Sources */ = {isa = PBXBuildFile; fileRef = 4BC6B8AC256885830075D1AD /* AppDelegate.swift */; };
		4BC6B8AF256885830075D1AD /* SceneDelegate.swift in Sources */ = {isa = PBXBuildFile; fileRef = 4BC6B8AE256885830075D1AD /* SceneDelegate.swift */; };
		4BC6B8B4256885830075D1AD /* Main.storyboard in Resources */ = {isa = PBXBuildFile; fileRef = 4BC6B8B2256885830075D1AD /* Main.storyboard */; };
		4BC6B8B6256885850075D1AD /* Assets.xcassets in Resources */ = {isa = PBXBuildFile; fileRef = 4BC6B8B5256885850075D1AD /* Assets.xcassets */; };
		4BDCED9F256DFC460035B51F /* Mask.swift in Sources */ = {isa = PBXBuildFile; fileRef = 4BDCED9E256DFC460035B51F /* Mask.swift */; };
		4BDCEDA7256E27E70035B51F /* CameraSearchForModel.swift in Sources */ = {isa = PBXBuildFile; fileRef = 4BDCEDA6256E27E70035B51F /* CameraSearchForModel.swift */; };
		4BDCEDAA256E301C0035B51F /* MaskTableViewCell.xib in Resources */ = {isa = PBXBuildFile; fileRef = 4BDCEDA9256E301C0035B51F /* MaskTableViewCell.xib */; };
		4BDEA0A9256EF78C00659FAF /* DisclaimerViewController.swift in Sources */ = {isa = PBXBuildFile; fileRef = 4BDEA0A8256EF78C00659FAF /* DisclaimerViewController.swift */; };
		4BFF3D15256CB53400ACBAD9 /* SearchBar.swift in Sources */ = {isa = PBXBuildFile; fileRef = 4BFF3D14256CB53400ACBAD9 /* SearchBar.swift */; };
/* End PBXBuildFile section */

/* Begin PBXFileReference section */
		4B7A119D2571A59A00F22258 /* CompanySearchName.swift */ = {isa = PBXFileReference; lastKnownFileType = sourcecode.swift; path = CompanySearchName.swift; sourceTree = "<group>"; };
		4B7A11A02571AA5100F22258 /* CompanyTableViewCell.xib */ = {isa = PBXFileReference; lastKnownFileType = file.xib; path = CompanyTableViewCell.xib; sourceTree = "<group>"; };
		4B7A11A42571C37D00F22258 /* TrivialWordsRemover.swift */ = {isa = PBXFileReference; lastKnownFileType = sourcecode.swift; path = TrivialWordsRemover.swift; sourceTree = "<group>"; };
		4B7A11A82571C3DF00F22258 /* ShortWordsRemover.swift */ = {isa = PBXFileReference; lastKnownFileType = sourcecode.swift; path = ShortWordsRemover.swift; sourceTree = "<group>"; };
		4B7A11AB2571C48200F22258 /* ReplaceBadCharsWithSpaces.swift */ = {isa = PBXFileReference; lastKnownFileType = sourcecode.swift; path = ReplaceBadCharsWithSpaces.swift; sourceTree = "<group>"; };
		4B7A11AE2571CCA400F22258 /* CameraSearchForCompany.swift */ = {isa = PBXFileReference; lastKnownFileType = sourcecode.swift; path = CameraSearchForCompany.swift; sourceTree = "<group>"; };
		4B7A11C2257200A400F22258 /* Launch Screen.storyboard */ = {isa = PBXFileReference; lastKnownFileType = file.storyboard; name = "Launch Screen.storyboard"; path = "TheMaskedManual/Launch Screen.storyboard"; sourceTree = "<group>"; };
		4B7CF3F5256B800B001191A7 /* SearchCompanyViewController.swift */ = {isa = PBXFileReference; lastKnownFileType = sourcecode.swift; path = SearchCompanyViewController.swift; sourceTree = "<group>"; };
		4B7CF3F9256B82C7001191A7 /* SearchModelViewController.swift */ = {isa = PBXFileReference; lastKnownFileType = sourcecode.swift; path = SearchModelViewController.swift; sourceTree = "<group>"; };
		4B7CF3FC256B84FB001191A7 /* CompanyTableViewCell.swift */ = {isa = PBXFileReference; lastKnownFileType = sourcecode.swift; path = CompanyTableViewCell.swift; sourceTree = "<group>"; };
		4B7CF3FF256B8A2A001191A7 /* MaskTableViewCell.swift */ = {isa = PBXFileReference; lastKnownFileType = sourcecode.swift; path = MaskTableViewCell.swift; sourceTree = "<group>"; };
		4B7CF407256B9ECA001191A7 /* MaskDetailViewController.swift */ = {isa = PBXFileReference; lastKnownFileType = sourcecode.swift; path = MaskDetailViewController.swift; sourceTree = "<group>"; };
		4B7CF40A256BA09F001191A7 /* Button.swift */ = {isa = PBXFileReference; lastKnownFileType = sourcecode.swift; path = Button.swift; sourceTree = "<group>"; };
		4B7CF40D256BA50D001191A7 /* Colors.swift */ = {isa = PBXFileReference; lastKnownFileType = sourcecode.swift; path = Colors.swift; sourceTree = "<group>"; };
		4B7EAB222570A09F00C69D05 /* ObservedTexts.swift */ = {isa = PBXFileReference; lastKnownFileType = sourcecode.swift; path = ObservedTexts.swift; sourceTree = "<group>"; };
		4B7EAB252570A0BC00C69D05 /* Candidates.swift */ = {isa = PBXFileReference; lastKnownFileType = sourcecode.swift; path = Candidates.swift; sourceTree = "<group>"; };
		4B7EAB312570A46600C69D05 /* LoadMasks.swift */ = {isa = PBXFileReference; lastKnownFileType = sourcecode.swift; path = LoadMasks.swift; sourceTree = "<group>"; };
		4BB17413256D9603005EAC86 /* MaskNotFoundHeaderView.swift */ = {isa = PBXFileReference; lastKnownFileType = sourcecode.swift; path = MaskNotFoundHeaderView.swift; sourceTree = "<group>"; };
		4BB1741A256D979D005EAC86 /* MaskNotFoundHeaderView.xib */ = {isa = PBXFileReference; lastKnownFileType = file.xib; path = MaskNotFoundHeaderView.xib; sourceTree = "<group>"; };
		4BB1741D256D9F76005EAC86 /* MaskNotFoundViewController.swift */ = {isa = PBXFileReference; lastKnownFileType = sourcecode.swift; path = MaskNotFoundViewController.swift; sourceTree = "<group>"; };
		4BB17420256DD922005EAC86 /* CameraViewController.swift */ = {isa = PBXFileReference; lastKnownFileType = sourcecode.swift; path = CameraViewController.swift; sourceTree = "<group>"; };
		4BB17423256DDD4A005EAC86 /* TabBarController.swift */ = {isa = PBXFileReference; lastKnownFileType = sourcecode.swift; path = TabBarController.swift; sourceTree = "<group>"; };
		4BB6FEFB256F6CA500A72429 /* AboutViewController.swift */ = {isa = PBXFileReference; lastKnownFileType = sourcecode.swift; path = AboutViewController.swift; sourceTree = "<group>"; };
		4BB6FEFE256F7F9600A72429 /* Company.swift */ = {isa = PBXFileReference; lastKnownFileType = sourcecode.swift; path = Company.swift; sourceTree = "<group>"; };
		4BB6FF03256F7FB900A72429 /* ModelSearchName.swift */ = {isa = PBXFileReference; lastKnownFileType = sourcecode.swift; path = ModelSearchName.swift; sourceTree = "<group>"; };
		4BC6B8A9256885830075D1AD /* TheMaskedManual.app */ = {isa = PBXFileReference; explicitFileType = wrapper.application; includeInIndex = 0; path = TheMaskedManual.app; sourceTree = BUILT_PRODUCTS_DIR; };
		4BC6B8AC256885830075D1AD /* AppDelegate.swift */ = {isa = PBXFileReference; lastKnownFileType = sourcecode.swift; path = AppDelegate.swift; sourceTree = "<group>"; };
		4BC6B8AE256885830075D1AD /* SceneDelegate.swift */ = {isa = PBXFileReference; lastKnownFileType = sourcecode.swift; path = SceneDelegate.swift; sourceTree = "<group>"; };
		4BC6B8B3256885830075D1AD /* Base */ = {isa = PBXFileReference; lastKnownFileType = file.storyboard; name = Base; path = Base.lproj/Main.storyboard; sourceTree = "<group>"; };
		4BC6B8B5256885850075D1AD /* Assets.xcassets */ = {isa = PBXFileReference; lastKnownFileType = folder.assetcatalog; path = Assets.xcassets; sourceTree = "<group>"; };
		4BC6B8BA256885850075D1AD /* Info.plist */ = {isa = PBXFileReference; lastKnownFileType = text.plist.xml; path = Info.plist; sourceTree = "<group>"; };
		4BDCED9E256DFC460035B51F /* Mask.swift */ = {isa = PBXFileReference; lastKnownFileType = sourcecode.swift; path = Mask.swift; sourceTree = "<group>"; };
		4BDCEDA1256E138F0035B51F /* MyPlayground.playground */ = {isa = PBXFileReference; lastKnownFileType = file.playground; path = MyPlayground.playground; sourceTree = SOURCE_ROOT; xcLanguageSpecificationIdentifier = xcode.lang.swift; };
		4BDCEDA6256E27E70035B51F /* CameraSearchForModel.swift */ = {isa = PBXFileReference; lastKnownFileType = sourcecode.swift; path = CameraSearchForModel.swift; sourceTree = "<group>"; };
		4BDCEDA9256E301C0035B51F /* MaskTableViewCell.xib */ = {isa = PBXFileReference; lastKnownFileType = file.xib; path = MaskTableViewCell.xib; sourceTree = "<group>"; };
		4BDEA0A8256EF78C00659FAF /* DisclaimerViewController.swift */ = {isa = PBXFileReference; lastKnownFileType = sourcecode.swift; path = DisclaimerViewController.swift; sourceTree = "<group>"; };
		4BFF3D14256CB53400ACBAD9 /* SearchBar.swift */ = {isa = PBXFileReference; lastKnownFileType = sourcecode.swift; path = SearchBar.swift; sourceTree = "<group>"; };
/* End PBXFileReference section */

/* Begin PBXFrameworksBuildPhase section */
		4BC6B8A6256885830075D1AD /* Frameworks */ = {
			isa = PBXFrameworksBuildPhase;
			buildActionMask = 2147483647;
			files = (
			);
			runOnlyForDeploymentPostprocessing = 0;
		};
/* End PBXFrameworksBuildPhase section */

/* Begin PBXGroup section */
		4B7A11A32571C36600F22258 /* StringManipulations */ = {
			isa = PBXGroup;
			children = (
				4B7A11A42571C37D00F22258 /* TrivialWordsRemover.swift */,
				4B7A11A82571C3DF00F22258 /* ShortWordsRemover.swift */,
				4B7A11AB2571C48200F22258 /* ReplaceBadCharsWithSpaces.swift */,
			);
			path = StringManipulations;
			sourceTree = "<group>";
		};
		4B7EAB202570A08900C69D05 /* CameraSearch */ = {
			isa = PBXGroup;
			children = (
				4BDCEDA6256E27E70035B51F /* CameraSearchForModel.swift */,
				4B7A11AE2571CCA400F22258 /* CameraSearchForCompany.swift */,
				4B7EAB252570A0BC00C69D05 /* Candidates.swift */,
				4B7EAB222570A09F00C69D05 /* ObservedTexts.swift */,
			);
			path = CameraSearch;
			sourceTree = "<group>";
		};
		4B7EAB282570A3A500C69D05 /* Helpers */ = {
			isa = PBXGroup;
			children = (
				4B7CF40D256BA50D001191A7 /* Colors.swift */,
			);
			path = Helpers;
			sourceTree = "<group>";
		};
		4B7EAB2A2570A3BF00C69D05 /* ViewControllers */ = {
			isa = PBXGroup;
			children = (
				4BB6FEFB256F6CA500A72429 /* AboutViewController.swift */,
				4BDEA0A8256EF78C00659FAF /* DisclaimerViewController.swift */,
				4BB17423256DDD4A005EAC86 /* TabBarController.swift */,
				4BB17420256DD922005EAC86 /* CameraViewController.swift */,
				4BB1741D256D9F76005EAC86 /* MaskNotFoundViewController.swift */,
				4B7CF407256B9ECA001191A7 /* MaskDetailViewController.swift */,
				4B7CF3F9256B82C7001191A7 /* SearchModelViewController.swift */,
				4B7CF3F5256B800B001191A7 /* SearchCompanyViewController.swift */,
			);
			path = ViewControllers;
			sourceTree = "<group>";
		};
		4B7EAB2C2570A3D000C69D05 /* UI */ = {
			isa = PBXGroup;
			children = (
				4BDCEDA9256E301C0035B51F /* MaskTableViewCell.xib */,
				4BB1741A256D979D005EAC86 /* MaskNotFoundHeaderView.xib */,
				4B7CF40A256BA09F001191A7 /* Button.swift */,
				4B7A11A02571AA5100F22258 /* CompanyTableViewCell.xib */,
				4B7CF3FF256B8A2A001191A7 /* MaskTableViewCell.swift */,
				4B7CF3FC256B84FB001191A7 /* CompanyTableViewCell.swift */,
				4BB17413256D9603005EAC86 /* MaskNotFoundHeaderView.swift */,
				4BFF3D14256CB53400ACBAD9 /* SearchBar.swift */,
			);
			path = UI;
			sourceTree = "<group>";
		};
		4BB6FF01256F7FA800A72429 /* DataStructures */ = {
			isa = PBXGroup;
			children = (
				4BDCED9E256DFC460035B51F /* Mask.swift */,
				4BB6FF03256F7FB900A72429 /* ModelSearchName.swift */,
				4B7A119D2571A59A00F22258 /* CompanySearchName.swift */,
				4BB6FEFE256F7F9600A72429 /* Company.swift */,
			);
			path = DataStructures;
			sourceTree = "<group>";
		};
		4BC6B8A0256885830075D1AD = {
			isa = PBXGroup;
			children = (
				4B7A11C2257200A400F22258 /* Launch Screen.storyboard */,
				4BC6B8AB256885830075D1AD /* TheMaskedManual */,
				4BC6B8AA256885830075D1AD /* Products */,
			);
			sourceTree = "<group>";
		};
		4BC6B8AA256885830075D1AD /* Products */ = {
			isa = PBXGroup;
			children = (
				4BC6B8A9256885830075D1AD /* TheMaskedManual.app */,
			);
			name = Products;
			sourceTree = "<group>";
		};
		4BC6B8AB256885830075D1AD /* TheMaskedManual */ = {
			isa = PBXGroup;
			children = (
				4BDCEDA1256E138F0035B51F /* MyPlayground.playground */,
				4BC6B8AC256885830075D1AD /* AppDelegate.swift */,
				4BC6B8AE256885830075D1AD /* SceneDelegate.swift */,
				4B7EAB312570A46600C69D05 /* LoadMasks.swift */,
				4B7A11A32571C36600F22258 /* StringManipulations */,
				4BB6FF01256F7FA800A72429 /* DataStructures */,
				4B7EAB282570A3A500C69D05 /* Helpers */,
				4BC6B8B2256885830075D1AD /* Main.storyboard */,
				4B7EAB202570A08900C69D05 /* CameraSearch */,
				4B7EAB2A2570A3BF00C69D05 /* ViewControllers */,
				4B7EAB2C2570A3D000C69D05 /* UI */,
				4BC6B8B5256885850075D1AD /* Assets.xcassets */,
				4BC6B8BA256885850075D1AD /* Info.plist */,
			);
			path = TheMaskedManual;
			sourceTree = "<group>";
		};
/* End PBXGroup section */

/* Begin PBXNativeTarget section */
		4BC6B8A8256885830075D1AD /* TheMaskedManual */ = {
			isa = PBXNativeTarget;
			buildConfigurationList = 4BC6B8BD256885850075D1AD /* Build configuration list for PBXNativeTarget "TheMaskedManual" */;
			buildPhases = (
				4BC6B8A5256885830075D1AD /* Sources */,
				4BC6B8A6256885830075D1AD /* Frameworks */,
				4BC6B8A7256885830075D1AD /* Resources */,
			);
			buildRules = (
			);
			dependencies = (
			);
			name = TheMaskedManual;
			productName = TheMaskedManual;
			productReference = 4BC6B8A9256885830075D1AD /* TheMaskedManual.app */;
			productType = "com.apple.product-type.application";
		};
/* End PBXNativeTarget section */

/* Begin PBXProject section */
		4BC6B8A1256885830075D1AD /* Project object */ = {
			isa = PBXProject;
			attributes = {
				LastSwiftUpdateCheck = 1220;
				LastUpgradeCheck = 1220;
				TargetAttributes = {
					4BC6B8A8256885830075D1AD = {
						CreatedOnToolsVersion = 12.2;
					};
				};
			};
			buildConfigurationList = 4BC6B8A4256885830075D1AD /* Build configuration list for PBXProject "TheMaskedManual" */;
			compatibilityVersion = "Xcode 9.3";
			developmentRegion = en;
			hasScannedForEncodings = 0;
			knownRegions = (
				en,
				Base,
			);
			mainGroup = 4BC6B8A0256885830075D1AD;
			productRefGroup = 4BC6B8AA256885830075D1AD /* Products */;
			projectDirPath = "";
			projectRoot = "";
			targets = (
				4BC6B8A8256885830075D1AD /* TheMaskedManual */,
			);
		};
/* End PBXProject section */

/* Begin PBXResourcesBuildPhase section */
		4BC6B8A7256885830075D1AD /* Resources */ = {
			isa = PBXResourcesBuildPhase;
			buildActionMask = 2147483647;
			files = (
				4BB1741B256D979D005EAC86 /* MaskNotFoundHeaderView.xib in Resources */,
				4BC6B8B6256885850075D1AD /* Assets.xcassets in Resources */,
				4B7A11A12571AA5100F22258 /* CompanyTableViewCell.xib in Resources */,
				4BC6B8B4256885830075D1AD /* Main.storyboard in Resources */,
				4BDCEDAA256E301C0035B51F /* MaskTableViewCell.xib in Resources */,
				4B7A11C3257200A400F22258 /* Launch Screen.storyboard in Resources */,
			);
			runOnlyForDeploymentPostprocessing = 0;
		};
/* End PBXResourcesBuildPhase section */

/* Begin PBXSourcesBuildPhase section */
		4BC6B8A5256885830075D1AD /* Sources */ = {
			isa = PBXSourcesBuildPhase;
			buildActionMask = 2147483647;
			files = (
				4B7A119E2571A59A00F22258 /* CompanySearchName.swift in Sources */,
				4B7EAB322570A46600C69D05 /* LoadMasks.swift in Sources */,
				4BFF3D15256CB53400ACBAD9 /* SearchBar.swift in Sources */,
				4B7CF3F6256B800B001191A7 /* SearchCompanyViewController.swift in Sources */,
				4B7A11AF2571CCA400F22258 /* CameraSearchForCompany.swift in Sources */,
				4B7CF40E256BA50D001191A7 /* Colors.swift in Sources */,
				4B7EAB262570A0BC00C69D05 /* Candidates.swift in Sources */,
				4B7CF3FA256B82C7001191A7 /* SearchModelViewController.swift in Sources */,
				4B7A11A92571C3DF00F22258 /* ShortWordsRemover.swift in Sources */,
				4BC6B8AD256885830075D1AD /* AppDelegate.swift in Sources */,
				4BB17424256DDD4A005EAC86 /* TabBarController.swift in Sources */,
				4BB6FF04256F7FB900A72429 /* ModelSearchName.swift in Sources */,
				4BC6B8AF256885830075D1AD /* SceneDelegate.swift in Sources */,
				4B7CF400256B8A2A001191A7 /* MaskTableViewCell.swift in Sources */,
				4BDCED9F256DFC460035B51F /* Mask.swift in Sources */,
				4BB6FEFF256F7F9600A72429 /* Company.swift in Sources */,
				4BB17414256D9603005EAC86 /* MaskNotFoundHeaderView.swift in Sources */,
				4B7A11AC2571C48200F22258 /* ReplaceBadCharsWithSpaces.swift in Sources */,
				4B7A11A52571C37D00F22258 /* TrivialWordsRemover.swift in Sources */,
				4BDEA0A9256EF78C00659FAF /* DisclaimerViewController.swift in Sources */,
				4BDCEDA7256E27E70035B51F /* CameraSearchForModel.swift in Sources */,
				4B7EAB232570A09F00C69D05 /* ObservedTexts.swift in Sources */,
				4B7CF3FD256B84FB001191A7 /* CompanyTableViewCell.swift in Sources */,
				4BB1741E256D9F76005EAC86 /* MaskNotFoundViewController.swift in Sources */,
				4BB17421256DD922005EAC86 /* CameraViewController.swift in Sources */,
				4B7CF408256B9ECA001191A7 /* MaskDetailViewController.swift in Sources */,
				4BB6FEFC256F6CA500A72429 /* AboutViewController.swift in Sources */,
				4B7CF40B256BA09F001191A7 /* Button.swift in Sources */,
			);
			runOnlyForDeploymentPostprocessing = 0;
		};
/* End PBXSourcesBuildPhase section */

/* Begin PBXVariantGroup section */
		4BC6B8B2256885830075D1AD /* Main.storyboard */ = {
			isa = PBXVariantGroup;
			children = (
				4BC6B8B3256885830075D1AD /* Base */,
			);
			name = Main.storyboard;
			sourceTree = "<group>";
		};
/* End PBXVariantGroup section */

/* Begin XCBuildConfiguration section */
		4BC6B8BB256885850075D1AD /* Debug */ = {
			isa = XCBuildConfiguration;
			buildSettings = {
				ALWAYS_SEARCH_USER_PATHS = NO;
				CLANG_ANALYZER_NONNULL = YES;
				CLANG_ANALYZER_NUMBER_OBJECT_CONVERSION = YES_AGGRESSIVE;
				CLANG_CXX_LANGUAGE_STANDARD = "gnu++14";
				CLANG_CXX_LIBRARY = "libc++";
				CLANG_ENABLE_MODULES = YES;
				CLANG_ENABLE_OBJC_ARC = YES;
				CLANG_ENABLE_OBJC_WEAK = YES;
				CLANG_WARN_BLOCK_CAPTURE_AUTORELEASING = YES;
				CLANG_WARN_BOOL_CONVERSION = YES;
				CLANG_WARN_COMMA = YES;
				CLANG_WARN_CONSTANT_CONVERSION = YES;
				CLANG_WARN_DEPRECATED_OBJC_IMPLEMENTATIONS = YES;
				CLANG_WARN_DIRECT_OBJC_ISA_USAGE = YES_ERROR;
				CLANG_WARN_DOCUMENTATION_COMMENTS = YES;
				CLANG_WARN_EMPTY_BODY = YES;
				CLANG_WARN_ENUM_CONVERSION = YES;
				CLANG_WARN_INFINITE_RECURSION = YES;
				CLANG_WARN_INT_CONVERSION = YES;
				CLANG_WARN_NON_LITERAL_NULL_CONVERSION = YES;
				CLANG_WARN_OBJC_IMPLICIT_RETAIN_SELF = YES;
				CLANG_WARN_OBJC_LITERAL_CONVERSION = YES;
				CLANG_WARN_OBJC_ROOT_CLASS = YES_ERROR;
				CLANG_WARN_QUOTED_INCLUDE_IN_FRAMEWORK_HEADER = YES;
				CLANG_WARN_RANGE_LOOP_ANALYSIS = YES;
				CLANG_WARN_STRICT_PROTOTYPES = YES;
				CLANG_WARN_SUSPICIOUS_MOVE = YES;
				CLANG_WARN_UNGUARDED_AVAILABILITY = YES_AGGRESSIVE;
				CLANG_WARN_UNREACHABLE_CODE = YES;
				CLANG_WARN__DUPLICATE_METHOD_MATCH = YES;
				COPY_PHASE_STRIP = NO;
				DEBUG_INFORMATION_FORMAT = dwarf;
				ENABLE_STRICT_OBJC_MSGSEND = YES;
				ENABLE_TESTABILITY = YES;
				GCC_C_LANGUAGE_STANDARD = gnu11;
				GCC_DYNAMIC_NO_PIC = NO;
				GCC_NO_COMMON_BLOCKS = YES;
				GCC_OPTIMIZATION_LEVEL = 0;
				GCC_PREPROCESSOR_DEFINITIONS = (
					"DEBUG=1",
					"$(inherited)",
				);
				GCC_WARN_64_TO_32_BIT_CONVERSION = YES;
				GCC_WARN_ABOUT_RETURN_TYPE = YES_ERROR;
				GCC_WARN_UNDECLARED_SELECTOR = YES;
				GCC_WARN_UNINITIALIZED_AUTOS = YES_AGGRESSIVE;
				GCC_WARN_UNUSED_FUNCTION = YES;
				GCC_WARN_UNUSED_VARIABLE = YES;
				IPHONEOS_DEPLOYMENT_TARGET = 14.2;
				MTL_ENABLE_DEBUG_INFO = INCLUDE_SOURCE;
				MTL_FAST_MATH = YES;
				ONLY_ACTIVE_ARCH = YES;
				SDKROOT = iphoneos;
				SWIFT_ACTIVE_COMPILATION_CONDITIONS = DEBUG;
				SWIFT_OPTIMIZATION_LEVEL = "-Onone";
			};
			name = Debug;
		};
		4BC6B8BC256885850075D1AD /* Release */ = {
			isa = XCBuildConfiguration;
			buildSettings = {
				ALWAYS_SEARCH_USER_PATHS = NO;
				CLANG_ANALYZER_NONNULL = YES;
				CLANG_ANALYZER_NUMBER_OBJECT_CONVERSION = YES_AGGRESSIVE;
				CLANG_CXX_LANGUAGE_STANDARD = "gnu++14";
				CLANG_CXX_LIBRARY = "libc++";
				CLANG_ENABLE_MODULES = YES;
				CLANG_ENABLE_OBJC_ARC = YES;
				CLANG_ENABLE_OBJC_WEAK = YES;
				CLANG_WARN_BLOCK_CAPTURE_AUTORELEASING = YES;
				CLANG_WARN_BOOL_CONVERSION = YES;
				CLANG_WARN_COMMA = YES;
				CLANG_WARN_CONSTANT_CONVERSION = YES;
				CLANG_WARN_DEPRECATED_OBJC_IMPLEMENTATIONS = YES;
				CLANG_WARN_DIRECT_OBJC_ISA_USAGE = YES_ERROR;
				CLANG_WARN_DOCUMENTATION_COMMENTS = YES;
				CLANG_WARN_EMPTY_BODY = YES;
				CLANG_WARN_ENUM_CONVERSION = YES;
				CLANG_WARN_INFINITE_RECURSION = YES;
				CLANG_WARN_INT_CONVERSION = YES;
				CLANG_WARN_NON_LITERAL_NULL_CONVERSION = YES;
				CLANG_WARN_OBJC_IMPLICIT_RETAIN_SELF = YES;
				CLANG_WARN_OBJC_LITERAL_CONVERSION = YES;
				CLANG_WARN_OBJC_ROOT_CLASS = YES_ERROR;
				CLANG_WARN_QUOTED_INCLUDE_IN_FRAMEWORK_HEADER = YES;
				CLANG_WARN_RANGE_LOOP_ANALYSIS = YES;
				CLANG_WARN_STRICT_PROTOTYPES = YES;
				CLANG_WARN_SUSPICIOUS_MOVE = YES;
				CLANG_WARN_UNGUARDED_AVAILABILITY = YES_AGGRESSIVE;
				CLANG_WARN_UNREACHABLE_CODE = YES;
				CLANG_WARN__DUPLICATE_METHOD_MATCH = YES;
				COPY_PHASE_STRIP = NO;
				DEBUG_INFORMATION_FORMAT = "dwarf-with-dsym";
				ENABLE_NS_ASSERTIONS = NO;
				ENABLE_STRICT_OBJC_MSGSEND = YES;
				GCC_C_LANGUAGE_STANDARD = gnu11;
				GCC_NO_COMMON_BLOCKS = YES;
				GCC_WARN_64_TO_32_BIT_CONVERSION = YES;
				GCC_WARN_ABOUT_RETURN_TYPE = YES_ERROR;
				GCC_WARN_UNDECLARED_SELECTOR = YES;
				GCC_WARN_UNINITIALIZED_AUTOS = YES_AGGRESSIVE;
				GCC_WARN_UNUSED_FUNCTION = YES;
				GCC_WARN_UNUSED_VARIABLE = YES;
				IPHONEOS_DEPLOYMENT_TARGET = 14.2;
				MTL_ENABLE_DEBUG_INFO = NO;
				MTL_FAST_MATH = YES;
				SDKROOT = iphoneos;
				SWIFT_COMPILATION_MODE = wholemodule;
				SWIFT_OPTIMIZATION_LEVEL = "-O";
				VALIDATE_PRODUCT = YES;
			};
			name = Release;
		};
		4BC6B8BE256885850075D1AD /* Debug */ = {
			isa = XCBuildConfiguration;
			buildSettings = {
				ASSETCATALOG_COMPILER_APPICON_NAME = AppIcon;
				ASSETCATALOG_COMPILER_GLOBAL_ACCENT_COLOR_NAME = AccentColor;
				CODE_SIGN_STYLE = Automatic;
				CURRENT_PROJECT_VERSION = 1;
				DEVELOPMENT_TEAM = 5QC8WP9VB5;
				INFOPLIST_FILE = TheMaskedManual/Info.plist;
				IPHONEOS_DEPLOYMENT_TARGET = 13.6;
				LD_RUNPATH_SEARCH_PATHS = (
					"$(inherited)",
					"@executable_path/Frameworks",
				);
				MARKETING_VERSION = 0.1;
				PRODUCT_BUNDLE_IDENTIFIER = oliverkernst.TheMaskedManual;
				PRODUCT_NAME = "$(TARGET_NAME)";
				SWIFT_VERSION = 5.0;
				TARGETED_DEVICE_FAMILY = "1,2";
			};
			name = Debug;
		};
		4BC6B8BF256885850075D1AD /* Release */ = {
			isa = XCBuildConfiguration;
			buildSettings = {
				ASSETCATALOG_COMPILER_APPICON_NAME = AppIcon;
				ASSETCATALOG_COMPILER_GLOBAL_ACCENT_COLOR_NAME = AccentColor;
				CODE_SIGN_STYLE = Automatic;
				CURRENT_PROJECT_VERSION = 1;
				DEVELOPMENT_TEAM = 5QC8WP9VB5;
				INFOPLIST_FILE = TheMaskedManual/Info.plist;
				IPHONEOS_DEPLOYMENT_TARGET = 13.6;
				LD_RUNPATH_SEARCH_PATHS = (
					"$(inherited)",
					"@executable_path/Frameworks",
				);
				MARKETING_VERSION = 0.1;
				PRODUCT_BUNDLE_IDENTIFIER = oliverkernst.TheMaskedManual;
				PRODUCT_NAME = "$(TARGET_NAME)";
				SWIFT_VERSION = 5.0;
				TARGETED_DEVICE_FAMILY = "1,2";
			};
			name = Release;
		};
/* End XCBuildConfiguration section */

/* Begin XCConfigurationList section */
		4BC6B8A4256885830075D1AD /* Build configuration list for PBXProject "TheMaskedManual" */ = {
			isa = XCConfigurationList;
			buildConfigurations = (
				4BC6B8BB256885850075D1AD /* Debug */,
				4BC6B8BC256885850075D1AD /* Release */,
			);
			defaultConfigurationIsVisible = 0;
			defaultConfigurationName = Release;
		};
		4BC6B8BD256885850075D1AD /* Build configuration list for PBXNativeTarget "TheMaskedManual" */ = {
			isa = XCConfigurationList;
			buildConfigurations = (
				4BC6B8BE256885850075D1AD /* Debug */,
				4BC6B8BF256885850075D1AD /* Release */,
			);
			defaultConfigurationIsVisible = 0;
			defaultConfigurationName = Release;
		};
/* End XCConfigurationList section */
	};
	rootObject = 4BC6B8A1256885830075D1AD /* Project object */;
}
