// !$*UTF8*$!
{
	archiveVersion = 1;
	classes = {
	};
	objectVersion = 51;
	objects = {

/* Begin PBXBuildFile section */
		4BC6B8AD256885830075D1AD /* AppDelegate.swift in Sources */ = {isa = PBXBuildFile; fileRef = 4BC6B8AC256885830075D1AD /* AppDelegate.swift */; };
		4BC6B8AF256885830075D1AD /* SceneDelegate.swift in Sources */ = {isa = PBXBuildFile; fileRef = 4BC6B8AE256885830075D1AD /* SceneDelegate.swift */; };
		4BC6B8B1256885830075D1AD /* ViewController.swift in Sources */ = {isa = PBXBuildFile; fileRef = 4BC6B8B0256885830075D1AD /* ViewController.swift */; };
		4BC6B8B4256885830075D1AD /* Main.storyboard in Resources */ = {isa = PBXBuildFile; fileRef = 4BC6B8B2256885830075D1AD /* Main.storyboard */; };
		4BC6B8B6256885850075D1AD /* Assets.xcassets in Resources */ = {isa = PBXBuildFile; fileRef = 4BC6B8B5256885850075D1AD /* Assets.xcassets */; };
		4BC6B8B9256885850075D1AD /* LaunchScreen.storyboard in Resources */ = {isa = PBXBuildFile; fileRef = 4BC6B8B7256885850075D1AD /* LaunchScreen.storyboard */; };
		4BC6B8D92568A4660075D1AD /* data.txt in Resources */ = {isa = PBXBuildFile; fileRef = 4BC6B8D82568A4660075D1AD /* data.txt */; };
		4BC6B8DC2568A93C0075D1AD /* ClosestMask.swift in Sources */ = {isa = PBXBuildFile; fileRef = 4BC6B8DB2568A93C0075D1AD /* ClosestMask.swift */; };
		71A91E57CEEFB28F98580A49 /* Pods_TheMaskedMan.framework in Frameworks */ = {isa = PBXBuildFile; fileRef = C6608149DC866C530286A75C /* Pods_TheMaskedMan.framework */; };
/* End PBXBuildFile section */

/* Begin PBXFileReference section */
		4BC6B8A9256885830075D1AD /* TheMaskedMan.app */ = {isa = PBXFileReference; explicitFileType = wrapper.application; includeInIndex = 0; path = TheMaskedMan.app; sourceTree = BUILT_PRODUCTS_DIR; };
		4BC6B8AC256885830075D1AD /* AppDelegate.swift */ = {isa = PBXFileReference; lastKnownFileType = sourcecode.swift; path = AppDelegate.swift; sourceTree = "<group>"; };
		4BC6B8AE256885830075D1AD /* SceneDelegate.swift */ = {isa = PBXFileReference; lastKnownFileType = sourcecode.swift; path = SceneDelegate.swift; sourceTree = "<group>"; };
		4BC6B8B0256885830075D1AD /* ViewController.swift */ = {isa = PBXFileReference; lastKnownFileType = sourcecode.swift; path = ViewController.swift; sourceTree = "<group>"; };
		4BC6B8B3256885830075D1AD /* Base */ = {isa = PBXFileReference; lastKnownFileType = file.storyboard; name = Base; path = Base.lproj/Main.storyboard; sourceTree = "<group>"; };
		4BC6B8B5256885850075D1AD /* Assets.xcassets */ = {isa = PBXFileReference; lastKnownFileType = folder.assetcatalog; path = Assets.xcassets; sourceTree = "<group>"; };
		4BC6B8B8256885850075D1AD /* Base */ = {isa = PBXFileReference; lastKnownFileType = file.storyboard; name = Base; path = Base.lproj/LaunchScreen.storyboard; sourceTree = "<group>"; };
		4BC6B8BA256885850075D1AD /* Info.plist */ = {isa = PBXFileReference; lastKnownFileType = text.plist.xml; path = Info.plist; sourceTree = "<group>"; };
		4BC6B8D82568A4660075D1AD /* data.txt */ = {isa = PBXFileReference; fileEncoding = 4; lastKnownFileType = text; path = data.txt; sourceTree = "<group>"; };
		4BC6B8DB2568A93C0075D1AD /* ClosestMask.swift */ = {isa = PBXFileReference; lastKnownFileType = sourcecode.swift; path = ClosestMask.swift; sourceTree = "<group>"; };
		77F47A0E998DA15209E67309 /* Pods-TheMaskedMan.release.xcconfig */ = {isa = PBXFileReference; includeInIndex = 1; lastKnownFileType = text.xcconfig; name = "Pods-TheMaskedMan.release.xcconfig"; path = "Target Support Files/Pods-TheMaskedMan/Pods-TheMaskedMan.release.xcconfig"; sourceTree = "<group>"; };
		7910A0699914C99A1DA7B4D3 /* Pods-TheMaskedMan.debug.xcconfig */ = {isa = PBXFileReference; includeInIndex = 1; lastKnownFileType = text.xcconfig; name = "Pods-TheMaskedMan.debug.xcconfig"; path = "Target Support Files/Pods-TheMaskedMan/Pods-TheMaskedMan.debug.xcconfig"; sourceTree = "<group>"; };
		C6608149DC866C530286A75C /* Pods_TheMaskedMan.framework */ = {isa = PBXFileReference; explicitFileType = wrapper.framework; includeInIndex = 0; path = Pods_TheMaskedMan.framework; sourceTree = BUILT_PRODUCTS_DIR; };
/* End PBXFileReference section */

/* Begin PBXFrameworksBuildPhase section */
		4BC6B8A6256885830075D1AD /* Frameworks */ = {
			isa = PBXFrameworksBuildPhase;
			buildActionMask = 2147483647;
			files = (
				71A91E57CEEFB28F98580A49 /* Pods_TheMaskedMan.framework in Frameworks */,
			);
			runOnlyForDeploymentPostprocessing = 0;
		};
/* End PBXFrameworksBuildPhase section */

/* Begin PBXGroup section */
		1383F80F4E92946452787ECC /* Pods */ = {
			isa = PBXGroup;
			children = (
				7910A0699914C99A1DA7B4D3 /* Pods-TheMaskedMan.debug.xcconfig */,
				77F47A0E998DA15209E67309 /* Pods-TheMaskedMan.release.xcconfig */,
			);
			path = Pods;
			sourceTree = "<group>";
		};
		4BC6B8A0256885830075D1AD = {
			isa = PBXGroup;
			children = (
				4BC6B8AB256885830075D1AD /* TheMaskedMan */,
				4BC6B8AA256885830075D1AD /* Products */,
				1383F80F4E92946452787ECC /* Pods */,
				654F9997AF04BDE8ECEF102E /* Frameworks */,
			);
			sourceTree = "<group>";
		};
		4BC6B8AA256885830075D1AD /* Products */ = {
			isa = PBXGroup;
			children = (
				4BC6B8A9256885830075D1AD /* TheMaskedMan.app */,
			);
			name = Products;
			sourceTree = "<group>";
		};
		4BC6B8AB256885830075D1AD /* TheMaskedMan */ = {
			isa = PBXGroup;
			children = (
				4BC6B8D82568A4660075D1AD /* data.txt */,
				4BC6B8AC256885830075D1AD /* AppDelegate.swift */,
				4BC6B8AE256885830075D1AD /* SceneDelegate.swift */,
				4BC6B8B0256885830075D1AD /* ViewController.swift */,
				4BC6B8DB2568A93C0075D1AD /* ClosestMask.swift */,
				4BC6B8B2256885830075D1AD /* Main.storyboard */,
				4BC6B8B5256885850075D1AD /* Assets.xcassets */,
				4BC6B8B7256885850075D1AD /* LaunchScreen.storyboard */,
				4BC6B8BA256885850075D1AD /* Info.plist */,
			);
			path = TheMaskedMan;
			sourceTree = "<group>";
		};
		654F9997AF04BDE8ECEF102E /* Frameworks */ = {
			isa = PBXGroup;
			children = (
				C6608149DC866C530286A75C /* Pods_TheMaskedMan.framework */,
			);
			name = Frameworks;
			sourceTree = "<group>";
		};
/* End PBXGroup section */

/* Begin PBXNativeTarget section */
		4BC6B8A8256885830075D1AD /* TheMaskedMan */ = {
			isa = PBXNativeTarget;
			buildConfigurationList = 4BC6B8BD256885850075D1AD /* Build configuration list for PBXNativeTarget "TheMaskedMan" */;
			buildPhases = (
				2B493705B8704DB5BC2D234D /* [CP] Check Pods Manifest.lock */,
				4BC6B8A5256885830075D1AD /* Sources */,
				4BC6B8A6256885830075D1AD /* Frameworks */,
				4BC6B8A7256885830075D1AD /* Resources */,
				1BEC75833233536CF984B6EC /* [CP] Embed Pods Frameworks */,
			);
			buildRules = (
			);
			dependencies = (
			);
			name = TheMaskedMan;
			productName = TheMaskedMan;
			productReference = 4BC6B8A9256885830075D1AD /* TheMaskedMan.app */;
			productType = "com.apple.product-type.application";
		};
/* End PBXNativeTarget section */

/* Begin PBXProject section */
		4BC6B8A1256885830075D1AD /* Project object */ = {
			isa = PBXProject;
			attributes = {
				LastSwiftUpdateCheck = 1220;
				LastUpgradeCheck = 1220;
				TargetAttributes = {
					4BC6B8A8256885830075D1AD = {
						CreatedOnToolsVersion = 12.2;
					};
				};
			};
			buildConfigurationList = 4BC6B8A4256885830075D1AD /* Build configuration list for PBXProject "TheMaskedMan" */;
			compatibilityVersion = "Xcode 9.3";
			developmentRegion = en;
			hasScannedForEncodings = 0;
			knownRegions = (
				en,
				Base,
			);
			mainGroup = 4BC6B8A0256885830075D1AD;
			productRefGroup = 4BC6B8AA256885830075D1AD /* Products */;
			projectDirPath = "";
			projectRoot = "";
			targets = (
				4BC6B8A8256885830075D1AD /* TheMaskedMan */,
			);
		};
/* End PBXProject section */

/* Begin PBXResourcesBuildPhase section */
		4BC6B8A7256885830075D1AD /* Resources */ = {
			isa = PBXResourcesBuildPhase;
			buildActionMask = 2147483647;
			files = (
				4BC6B8D92568A4660075D1AD /* data.txt in Resources */,
				4BC6B8B9256885850075D1AD /* LaunchScreen.storyboard in Resources */,
				4BC6B8B6256885850075D1AD /* Assets.xcassets in Resources */,
				4BC6B8B4256885830075D1AD /* Main.storyboard in Resources */,
			);
			runOnlyForDeploymentPostprocessing = 0;
		};
/* End PBXResourcesBuildPhase section */

/* Begin PBXShellScriptBuildPhase section */
		1BEC75833233536CF984B6EC /* [CP] Embed Pods Frameworks */ = {
			isa = PBXShellScriptBuildPhase;
			buildActionMask = 2147483647;
			files = (
			);
			inputFileListPaths = (
				"${PODS_ROOT}/Target Support Files/Pods-TheMaskedMan/Pods-TheMaskedMan-frameworks-${CONFIGURATION}-input-files.xcfilelist",
			);
			name = "[CP] Embed Pods Frameworks";
			outputFileListPaths = (
				"${PODS_ROOT}/Target Support Files/Pods-TheMaskedMan/Pods-TheMaskedMan-frameworks-${CONFIGURATION}-output-files.xcfilelist",
			);
			runOnlyForDeploymentPostprocessing = 0;
			shellPath = /bin/sh;
			shellScript = "\"${PODS_ROOT}/Target Support Files/Pods-TheMaskedMan/Pods-TheMaskedMan-frameworks.sh\"\n";
			showEnvVarsInLog = 0;
		};
		2B493705B8704DB5BC2D234D /* [CP] Check Pods Manifest.lock */ = {
			isa = PBXShellScriptBuildPhase;
			buildActionMask = 2147483647;
			files = (
			);
			inputFileListPaths = (
			);
			inputPaths = (
				"${PODS_PODFILE_DIR_PATH}/Podfile.lock",
				"${PODS_ROOT}/Manifest.lock",
			);
			name = "[CP] Check Pods Manifest.lock";
			outputFileListPaths = (
			);
			outputPaths = (
				"$(DERIVED_FILE_DIR)/Pods-TheMaskedMan-checkManifestLockResult.txt",
			);
			runOnlyForDeploymentPostprocessing = 0;
			shellPath = /bin/sh;
			shellScript = "diff \"${PODS_PODFILE_DIR_PATH}/Podfile.lock\" \"${PODS_ROOT}/Manifest.lock\" > /dev/null\nif [ $? != 0 ] ; then\n    # print error to STDERR\n    echo \"error: The sandbox is not in sync with the Podfile.lock. Run 'pod install' or update your CocoaPods installation.\" >&2\n    exit 1\nfi\n# This output is used by Xcode 'outputs' to avoid re-running this script phase.\necho \"SUCCESS\" > \"${SCRIPT_OUTPUT_FILE_0}\"\n";
			showEnvVarsInLog = 0;
		};
/* End PBXShellScriptBuildPhase section */

/* Begin PBXSourcesBuildPhase section */
		4BC6B8A5256885830075D1AD /* Sources */ = {
			isa = PBXSourcesBuildPhase;
			buildActionMask = 2147483647;
			files = (
				4BC6B8B1256885830075D1AD /* ViewController.swift in Sources */,
				4BC6B8AD256885830075D1AD /* AppDelegate.swift in Sources */,
				4BC6B8DC2568A93C0075D1AD /* ClosestMask.swift in Sources */,
				4BC6B8AF256885830075D1AD /* SceneDelegate.swift in Sources */,
			);
			runOnlyForDeploymentPostprocessing = 0;
		};
/* End PBXSourcesBuildPhase section */

/* Begin PBXVariantGroup section */
		4BC6B8B2256885830075D1AD /* Main.storyboard */ = {
			isa = PBXVariantGroup;
			children = (
				4BC6B8B3256885830075D1AD /* Base */,
			);
			name = Main.storyboard;
			sourceTree = "<group>";
		};
		4BC6B8B7256885850075D1AD /* LaunchScreen.storyboard */ = {
			isa = PBXVariantGroup;
			children = (
				4BC6B8B8256885850075D1AD /* Base */,
			);
			name = LaunchScreen.storyboard;
			sourceTree = "<group>";
		};
/* End PBXVariantGroup section */

/* Begin XCBuildConfiguration section */
		4BC6B8BB256885850075D1AD /* Debug */ = {
			isa = XCBuildConfiguration;
			buildSettings = {
				ALWAYS_SEARCH_USER_PATHS = NO;
				CLANG_ANALYZER_NONNULL = YES;
				CLANG_ANALYZER_NUMBER_OBJECT_CONVERSION = YES_AGGRESSIVE;
				CLANG_CXX_LANGUAGE_STANDARD = "gnu++14";
				CLANG_CXX_LIBRARY = "libc++";
				CLANG_ENABLE_MODULES = YES;
				CLANG_ENABLE_OBJC_ARC = YES;
				CLANG_ENABLE_OBJC_WEAK = YES;
				CLANG_WARN_BLOCK_CAPTURE_AUTORELEASING = YES;
				CLANG_WARN_BOOL_CONVERSION = YES;
				CLANG_WARN_COMMA = YES;
				CLANG_WARN_CONSTANT_CONVERSION = YES;
				CLANG_WARN_DEPRECATED_OBJC_IMPLEMENTATIONS = YES;
				CLANG_WARN_DIRECT_OBJC_ISA_USAGE = YES_ERROR;
				CLANG_WARN_DOCUMENTATION_COMMENTS = YES;
				CLANG_WARN_EMPTY_BODY = YES;
				CLANG_WARN_ENUM_CONVERSION = YES;
				CLANG_WARN_INFINITE_RECURSION = YES;
				CLANG_WARN_INT_CONVERSION = YES;
				CLANG_WARN_NON_LITERAL_NULL_CONVERSION = YES;
				CLANG_WARN_OBJC_IMPLICIT_RETAIN_SELF = YES;
				CLANG_WARN_OBJC_LITERAL_CONVERSION = YES;
				CLANG_WARN_OBJC_ROOT_CLASS = YES_ERROR;
				CLANG_WARN_QUOTED_INCLUDE_IN_FRAMEWORK_HEADER = YES;
				CLANG_WARN_RANGE_LOOP_ANALYSIS = YES;
				CLANG_WARN_STRICT_PROTOTYPES = YES;
				CLANG_WARN_SUSPICIOUS_MOVE = YES;
				CLANG_WARN_UNGUARDED_AVAILABILITY = YES_AGGRESSIVE;
				CLANG_WARN_UNREACHABLE_CODE = YES;
				CLANG_WARN__DUPLICATE_METHOD_MATCH = YES;
				COPY_PHASE_STRIP = NO;
				DEBUG_INFORMATION_FORMAT = dwarf;
				ENABLE_STRICT_OBJC_MSGSEND = YES;
				ENABLE_TESTABILITY = YES;
				GCC_C_LANGUAGE_STANDARD = gnu11;
				GCC_DYNAMIC_NO_PIC = NO;
				GCC_NO_COMMON_BLOCKS = YES;
				GCC_OPTIMIZATION_LEVEL = 0;
				GCC_PREPROCESSOR_DEFINITIONS = (
					"DEBUG=1",
					"$(inherited)",
				);
				GCC_WARN_64_TO_32_BIT_CONVERSION = YES;
				GCC_WARN_ABOUT_RETURN_TYPE = YES_ERROR;
				GCC_WARN_UNDECLARED_SELECTOR = YES;
				GCC_WARN_UNINITIALIZED_AUTOS = YES_AGGRESSIVE;
				GCC_WARN_UNUSED_FUNCTION = YES;
				GCC_WARN_UNUSED_VARIABLE = YES;
				IPHONEOS_DEPLOYMENT_TARGET = 14.2;
				MTL_ENABLE_DEBUG_INFO = INCLUDE_SOURCE;
				MTL_FAST_MATH = YES;
				ONLY_ACTIVE_ARCH = YES;
				SDKROOT = iphoneos;
				SWIFT_ACTIVE_COMPILATION_CONDITIONS = DEBUG;
				SWIFT_OPTIMIZATION_LEVEL = "-Onone";
			};
			name = Debug;
		};
		4BC6B8BC256885850075D1AD /* Release */ = {
			isa = XCBuildConfiguration;
			buildSettings = {
				ALWAYS_SEARCH_USER_PATHS = NO;
				CLANG_ANALYZER_NONNULL = YES;
				CLANG_ANALYZER_NUMBER_OBJECT_CONVERSION = YES_AGGRESSIVE;
				CLANG_CXX_LANGUAGE_STANDARD = "gnu++14";
				CLANG_CXX_LIBRARY = "libc++";
				CLANG_ENABLE_MODULES = YES;
				CLANG_ENABLE_OBJC_ARC = YES;
				CLANG_ENABLE_OBJC_WEAK = YES;
				CLANG_WARN_BLOCK_CAPTURE_AUTORELEASING = YES;
				CLANG_WARN_BOOL_CONVERSION = YES;
				CLANG_WARN_COMMA = YES;
				CLANG_WARN_CONSTANT_CONVERSION = YES;
				CLANG_WARN_DEPRECATED_OBJC_IMPLEMENTATIONS = YES;
				CLANG_WARN_DIRECT_OBJC_ISA_USAGE = YES_ERROR;
				CLANG_WARN_DOCUMENTATION_COMMENTS = YES;
				CLANG_WARN_EMPTY_BODY = YES;
				CLANG_WARN_ENUM_CONVERSION = YES;
				CLANG_WARN_INFINITE_RECURSION = YES;
				CLANG_WARN_INT_CONVERSION = YES;
				CLANG_WARN_NON_LITERAL_NULL_CONVERSION = YES;
				CLANG_WARN_OBJC_IMPLICIT_RETAIN_SELF = YES;
				CLANG_WARN_OBJC_LITERAL_CONVERSION = YES;
				CLANG_WARN_OBJC_ROOT_CLASS = YES_ERROR;
				CLANG_WARN_QUOTED_INCLUDE_IN_FRAMEWORK_HEADER = YES;
				CLANG_WARN_RANGE_LOOP_ANALYSIS = YES;
				CLANG_WARN_STRICT_PROTOTYPES = YES;
				CLANG_WARN_SUSPICIOUS_MOVE = YES;
				CLANG_WARN_UNGUARDED_AVAILABILITY = YES_AGGRESSIVE;
				CLANG_WARN_UNREACHABLE_CODE = YES;
				CLANG_WARN__DUPLICATE_METHOD_MATCH = YES;
				COPY_PHASE_STRIP = NO;
				DEBUG_INFORMATION_FORMAT = "dwarf-with-dsym";
				ENABLE_NS_ASSERTIONS = NO;
				ENABLE_STRICT_OBJC_MSGSEND = YES;
				GCC_C_LANGUAGE_STANDARD = gnu11;
				GCC_NO_COMMON_BLOCKS = YES;
				GCC_WARN_64_TO_32_BIT_CONVERSION = YES;
				GCC_WARN_ABOUT_RETURN_TYPE = YES_ERROR;
				GCC_WARN_UNDECLARED_SELECTOR = YES;
				GCC_WARN_UNINITIALIZED_AUTOS = YES_AGGRESSIVE;
				GCC_WARN_UNUSED_FUNCTION = YES;
				GCC_WARN_UNUSED_VARIABLE = YES;
				IPHONEOS_DEPLOYMENT_TARGET = 14.2;
				MTL_ENABLE_DEBUG_INFO = NO;
				MTL_FAST_MATH = YES;
				SDKROOT = iphoneos;
				SWIFT_COMPILATION_MODE = wholemodule;
				SWIFT_OPTIMIZATION_LEVEL = "-O";
				VALIDATE_PRODUCT = YES;
			};
			name = Release;
		};
		4BC6B8BE256885850075D1AD /* Debug */ = {
			isa = XCBuildConfiguration;
			baseConfigurationReference = 7910A0699914C99A1DA7B4D3 /* Pods-TheMaskedMan.debug.xcconfig */;
			buildSettings = {
				ASSETCATALOG_COMPILER_APPICON_NAME = AppIcon;
				ASSETCATALOG_COMPILER_GLOBAL_ACCENT_COLOR_NAME = AccentColor;
				CODE_SIGN_STYLE = Automatic;
				DEVELOPMENT_TEAM = 5QC8WP9VB5;
				INFOPLIST_FILE = TheMaskedMan/Info.plist;
				IPHONEOS_DEPLOYMENT_TARGET = 13.6;
				LD_RUNPATH_SEARCH_PATHS = (
					"$(inherited)",
					"@executable_path/Frameworks",
				);
				PRODUCT_BUNDLE_IDENTIFIER = oliverkernst.TheMaskedMan;
				PRODUCT_NAME = "$(TARGET_NAME)";
				SWIFT_VERSION = 5.0;
				TARGETED_DEVICE_FAMILY = "1,2";
			};
			name = Debug;
		};
		4BC6B8BF256885850075D1AD /* Release */ = {
			isa = XCBuildConfiguration;
			baseConfigurationReference = 77F47A0E998DA15209E67309 /* Pods-TheMaskedMan.release.xcconfig */;
			buildSettings = {
				ASSETCATALOG_COMPILER_APPICON_NAME = AppIcon;
				ASSETCATALOG_COMPILER_GLOBAL_ACCENT_COLOR_NAME = AccentColor;
				CODE_SIGN_STYLE = Automatic;
				DEVELOPMENT_TEAM = 5QC8WP9VB5;
				INFOPLIST_FILE = TheMaskedMan/Info.plist;
				IPHONEOS_DEPLOYMENT_TARGET = 13.6;
				LD_RUNPATH_SEARCH_PATHS = (
					"$(inherited)",
					"@executable_path/Frameworks",
				);
				PRODUCT_BUNDLE_IDENTIFIER = oliverkernst.TheMaskedMan;
				PRODUCT_NAME = "$(TARGET_NAME)";
				SWIFT_VERSION = 5.0;
				TARGETED_DEVICE_FAMILY = "1,2";
			};
			name = Release;
		};
/* End XCBuildConfiguration section */

/* Begin XCConfigurationList section */
		4BC6B8A4256885830075D1AD /* Build configuration list for PBXProject "TheMaskedMan" */ = {
			isa = XCConfigurationList;
			buildConfigurations = (
				4BC6B8BB256885850075D1AD /* Debug */,
				4BC6B8BC256885850075D1AD /* Release */,
			);
			defaultConfigurationIsVisible = 0;
			defaultConfigurationName = Release;
		};
		4BC6B8BD256885850075D1AD /* Build configuration list for PBXNativeTarget "TheMaskedMan" */ = {
			isa = XCConfigurationList;
			buildConfigurations = (
				4BC6B8BE256885850075D1AD /* Debug */,
				4BC6B8BF256885850075D1AD /* Release */,
			);
			defaultConfigurationIsVisible = 0;
			defaultConfigurationName = Release;
		};
/* End XCConfigurationList section */
	};
	rootObject = 4BC6B8A1256885830075D1AD /* Project object */;
}
